<Project xmlns="http://schemas.microsoft.com/developer/msbuild/2003">
    <PropertyGroup>
        <ProjectGuid>{AA031E18-E5E0-4CE4-BF4F-2DAC0DD87FC0}</ProjectGuid>
        <ProjectVersion>18.2</ProjectVersion>
        <FrameworkType>VCL</FrameworkType>
        <MainSource>SMC_PLUS_.dpr</MainSource>
        <Base>True</Base>
        <Config Condition="'$(Config)'==''">Debug</Config>
        <Platform Condition="'$(Platform)'==''">Win32</Platform>
        <TargetedPlatforms>1</TargetedPlatforms>
        <AppType>Application</AppType>
    </PropertyGroup>
    <PropertyGroup Condition="'$(Config)'=='Base' or '$(Base)'!=''">
        <Base>true</Base>
    </PropertyGroup>
    <PropertyGroup Condition="('$(Platform)'=='Win32' and '$(Base)'=='true') or '$(Base_Win32)'!=''">
        <Base_Win32>true</Base_Win32>
        <CfgParent>Base</CfgParent>
        <Base>true</Base>
    </PropertyGroup>
    <PropertyGroup Condition="('$(Platform)'=='Win64' and '$(Base)'=='true') or '$(Base_Win64)'!=''">
        <Base_Win64>true</Base_Win64>
        <CfgParent>Base</CfgParent>
        <Base>true</Base>
    </PropertyGroup>
    <PropertyGroup Condition="'$(Config)'=='Debug' or '$(Cfg_1)'!=''">
        <Cfg_1>true</Cfg_1>
        <CfgParent>Base</CfgParent>
        <Base>true</Base>
    </PropertyGroup>
    <PropertyGroup Condition="('$(Platform)'=='Win32' and '$(Cfg_1)'=='true') or '$(Cfg_1_Win32)'!=''">
        <Cfg_1_Win32>true</Cfg_1_Win32>
        <CfgParent>Cfg_1</CfgParent>
        <Cfg_1>true</Cfg_1>
        <Base>true</Base>
    </PropertyGroup>
    <PropertyGroup Condition="'$(Config)'=='Release' or '$(Cfg_2)'!=''">
        <Cfg_2>true</Cfg_2>
        <CfgParent>Base</CfgParent>
        <Base>true</Base>
    </PropertyGroup>
    <PropertyGroup Condition="('$(Platform)'=='Win32' and '$(Cfg_2)'=='true') or '$(Cfg_2_Win32)'!=''">
        <Cfg_2_Win32>true</Cfg_2_Win32>
        <CfgParent>Cfg_2</CfgParent>
        <Cfg_2>true</Cfg_2>
        <Base>true</Base>
    </PropertyGroup>
    <PropertyGroup Condition="'$(Base)'!=''">
        <DCC_DcuOutput>.\$(Platform)\$(Config)</DCC_DcuOutput>
        <DCC_ExeOutput>.\$(Platform)\$(Config)</DCC_ExeOutput>
        <DCC_E>false</DCC_E>
        <DCC_N>false</DCC_N>
        <DCC_S>false</DCC_S>
        <DCC_F>false</DCC_F>
        <DCC_K>false</DCC_K>
        <DCC_UsePackage>RESTBackendComponents;CloudService;soaprtl;soapmidas;RESTComponents;emsclientfiredac;FireDACIBDriver;emsclient;FireDACCommon;soapserver;FireDACCommonDriver;inet;FireDAC;FireDACSqliteDriver;$(DCC_UsePackage)</DCC_UsePackage>
        <DCC_Namespace>System;Xml;Data;Datasnap;Web;Soap;Vcl;Vcl.Imaging;Vcl.Touch;Vcl.Samples;Vcl.Shell;$(DCC_Namespace)</DCC_Namespace>
        <Icon_MainIcon>$(BDS)\bin\delphi_PROJECTICON.ico</Icon_MainIcon>
        <UWP_DelphiLogo44>$(BDS)\bin\Artwork\Windows\UWP\delphi_UwpDefault_44.png</UWP_DelphiLogo44>
        <UWP_DelphiLogo150>$(BDS)\bin\Artwork\Windows\UWP\delphi_UwpDefault_150.png</UWP_DelphiLogo150>
        <SanitizedProjectName>SMC_PLUS_</SanitizedProjectName>
    </PropertyGroup>
    <PropertyGroup Condition="'$(Base_Win32)'!=''">
        <DCC_UsePackage>DBXSqliteDriver;dxPSPrVwRibbonRS25;dxRibbonCustomizationFormRS25;DBXDb2Driver;dxSkinOffice2007PinkRS25;dxSkinMcSkinRS25;vclactnband;frxIntIOIndy25;vclFireDAC;cxExportRS25;dxHttpIndyRequestRS25;tethering;dxPScxCommonRS25;FireDACADSDriver;cxPivotGridOLAPRS25;ACBr_BPeDabpeESCPOS;ACBr_BPe;FireDACMSSQLDriver;cxSchedulerGridRS25;vcltouch;dxSkinDarkRoomRS25;dxSkinDarkSideRS25;vcldb;Intraweb;svn;ACBr_NFe;ACBr_NFeDanfeESCPOS;dxGaugeControlRS25;cxLibraryRS25;dxSkinOffice2007SilverRS25;dxSkinscxSchedulerPainterRS25;dxSkinBlackRS25;vclib;dxSkinOffice2007BlueRS25;dxSkinOffice2007BlackRS25;office2K;FireDACDBXDriver;dxSkinVS2010RS25;vclx;dxSkinFoggyRS25;dxSpreadSheetConditionalFormattingDialogsRS25;dxSkinSevenRS25;dxSkinSpringTimeRS25;dxTileControlRS25;ACBr_SATExtratoRL;dxMapControlRS25;dxPDFViewerRS25;dxDockingRS25;ACBr_Reinf;VCLRESTComponents;dxSkinsdxNavBarPainterRS25;cxPageControlRS25;dxSkinLilianRS25;dxPSLnksRS25;dxWizardControlRS25;dxRichEditControlRS25;vclie;fs25;bindengine;dxFireDACServerModeRS25;ACBr_PAF;FireDACMySQLDriver;ACBr_SATECFVirtual;dxSkinOffice2013LightGrayRS25;dxSkinMetropolisRS25;DataSnapClient;dxSkinOffice2016DarkRS25;bindcompdbx;dxSkinBlueprintRS25;ACBr_TCP;dxSkinStardustRS25;DBXSybaseASEDriver;IndyIPServer;dxPSdxLCLnkRS25;ACBr_CTe;ACBr_CTeDacteRL;IndySystem;dxSkinOffice2007GreenRS25;dsnapcon;ACBre_Social;dxLayoutControlRS25;dxPSRichEditControlLnkRS25;FireDACMSAccDriver;fmxFireDAC;FireDACInfxDriver;vclimg;fsADO25;dxdbtrRS25;ACBr_SPEDImportar;dxPScxTLLnkRS25;ACBr_SPED;ACBr_MDFe;emshosting;dxSpreadSheetRS25;dxSkinVisualStudio2013LightRS25;ACBr_BoletoRL;ACBr_LFD;frxADO25;DBXOdbcDriver;FireDACTDataDriver;FMXTee;cxGridRS25;dxSkinTheAsphaltWorldRS25;DbxCommonDriver;dxPScxSchedulerLnkRS25;dxorgcRS25;ACBr_CIOT;ACBr_NFSeDanfseRL;dxSkinHighContrastRS25;spdGovBase_D10T;xmlrtl;DataSnapNativeClient;fmxobj;frx25;dxPScxGridLnkRS25;rtl;DbxClientDriver;DBXSybaseASADriver;dxPSCoreRS25;dxmdsRS25;fsDB25;dxSkinOffice2016ColorfulRS25;ACBr_Convenio115;appanalytics;IndyIPClient;bindcompvcl;dxSkinscxPCPainterRS25;dxThemeRS25;TeeUI;VclSmp;FireDACODBCDriver;DataSnapIndy10ServerTransport;ACBr_Boleto;DataSnapProviderClient;frxIBX25;FireDACMongoDBDriver;cxVerticalGridRS25;dxtrmdRS25;ACBr_SEF2;ACBr_NFSe;dxADOServerModeRS25;dxSkinPumpkinRS25;DataSnapServerMidas;dxCoreRS25;cxSchedulerTreeBrowserRS25;dxSkinValentineRS25;DBXInterBaseDriver;ACBr_NF3e;ACBr_TEFD;dxPSTeeChartRS25;DataSnapFireDAC;svnui;dxSkinOffice2010BlueRS25;ACBr_SATWS;dxSkinMoneyTwinsRS25;frxe25;dxSkinSilverRS25;DBXMSSQLDriver;dxPSdxFCLnkRS25;ACBr_MDFeDamdfeRL;DatasnapConnectorsFreePascal;ACBr_EDI;ACBr_ONE;dxSkinOffice2013WhiteRS25;bindcompfmx;DBXOracleDriver;fsIBX25;inetdb;ACBr_Diversos;dxOfficeCoreRS25;FmxTeeUI;emsedge;ACBr_LCDPR;fmx;fmxdae;frxDB25;dxTabbedMDIRS25;dxBarDBNavRS25;dxSkinBlueRS25;dxPScxPivotGridLnkRS25;frxTee25;dxSkinDevExpressDarkStyleRS25;ACBr_Ponto;dbexpress;IndyCore;dxFlowChartRS25;dxSkinsdxDLPainterRS25;dsnap;DataSnapCommon;fsTee25;dxBarRS25;dxPSDBTeeChartRS25;dxSkinLiquidSkyRS25;dxdborRS25;DataSnapConnectors;ACBR_DeSTDA;dxPScxExtCommonRS25;ACBr_SAT;cxPivotGridRS25;dxPSdxSpreadSheetLnkRS25;dxNavBarRS25;cxSchedulerRibbonStyleEventEditorRS25;dxSkinCoffeeRS25;FireDACOracleDriver;DBXMySQLDriver;DBXFirebirdDriver;ACBr_Sintegra;FireDACCommonODBC;dxSkinOffice2010SilverRS25;ACBr_GNRE;cxTreeListRS25;ACBr_ADRCST;dxSkinsdxBarPainterRS25;IndyIPCommon;dxSkinLondonLiquidSkyRS25;vcl;dxPScxVGridLnkRS25;ACBr_NFeDanfeRL;dxBarExtItemsRS25;ACBr_SATExtratoESCPOS;dxSkinsCoreRS25;dxComnRS25;FireDACDb2Driver;dxSkinWhiteprintRS25;dxPSdxDBTVLnkRS25;ACBr_Integrador;dxSkinVisualStudio2013BlueRS25;dxSkinGlassOceansRS25;dxSkinMetropolisDarkRS25;dxSkinOffice2013DarkGrayRS25;dxSkinSharpPlusRS25;TeeDB;dxSkinCaramelRS25;dxServerModeRS25;dxPScxPCProdRS25;ACBr_Comum;FireDACPgDriver;ibmonitor;FireDACASADriver;cxEditorsRS25;dxSkiniMaginaryRS25;ACBr_GNREGuiaRL;ibxpress;Tee;DataSnapServer;ibxbindings;dxPsPrVwAdvRS25;vclwinx;FireDACDSDriver;dxSkinSevenClassicRS25;cxDataRS25;cxTreeListdxBarPopupMenuRS25;ACBr_OpenSSL;CustomIPTransport;vcldsnap;dxPSdxOCLnkRS25;frxIntIO25;dxSkinSharpRS25;bindcomp;ACBr_Serial;DBXInformixDriver;cxPivotGridChartRS25;cxSchedulerRS25;dxBarExtDBItemsRS25;frxDBX25;dxSkinOffice2010BlackRS25;dxSkinVisualStudio2013DarkRS25;dxDBXServerModeRS25;dxSkinDevExpressStyleRS25;dxGDIPlusRS25;dxPSdxGaugeControlLnkRS25;dxSkinsdxRibbonPainterRS25;frce;ACBr_BlocoX;dbxcds;ACBr_NFCeECFVirtual;adortl;dxPSdxDBOCLnkRS25;ACBr_ANe;dxRibbonRS25;dsnapxml;dxSpellCheckerRS25;dbrtl;inetdbxpress;IndyProtocols;dxSkinSummer2008RS25;ACBr_NF3eDANF3eESCPOS;ACBr_MTER;dxPSdxMapControlLnkRS25;dxSkinXmas2008BlueRS25;fmxase;$(DCC_UsePackage)</DCC_UsePackage>
        <DCC_Namespace>Winapi;System.Win;Data.Win;Datasnap.Win;Web.Win;Soap.Win;Xml.Win;Bde;$(DCC_Namespace)</DCC_Namespace>
        <BT_BuildType>Debug</BT_BuildType>
        <VerInfo_IncludeVerInfo>true</VerInfo_IncludeVerInfo>
        <VerInfo_Keys>CompanyName=;FileDescription=$(MSBuildProjectName);FileVersion=1.0.0.0;InternalName=;LegalCopyright=;LegalTrademarks=;OriginalFilename=;ProgramID=com.embarcadero.$(MSBuildProjectName);ProductName=$(MSBuildProjectName);ProductVersion=1.0.0.0;Comments=</VerInfo_Keys>
        <VerInfo_Locale>1033</VerInfo_Locale>
        <Manifest_File>$(BDS)\bin\default_app.manifest</Manifest_File>
        <DCC_ExeOutput>E:\01 - Projetos\PROJETOS_2021\SMC_PLUS\Win32\</DCC_ExeOutput>
    </PropertyGroup>
    <PropertyGroup Condition="'$(Base_Win64)'!=''">
        <DCC_UsePackage>DBXSqliteDriver;dxPSPrVwRibbonRS25;dxRibbonCustomizationFormRS25;DBXDb2Driver;dxSkinOffice2007PinkRS25;dxSkinMcSkinRS25;vclactnband;vclFireDAC;cxExportRS25;dxHttpIndyRequestRS25;tethering;dxPScxCommonRS25;FireDACADSDriver;cxPivotGridOLAPRS25;FireDACMSSQLDriver;cxSchedulerGridRS25;vcltouch;dxSkinDarkRoomRS25;dxSkinDarkSideRS25;vcldb;Intraweb;dxGaugeControlRS25;cxLibraryRS25;dxSkinOffice2007SilverRS25;dxSkinscxSchedulerPainterRS25;dxSkinBlackRS25;vclib;dxSkinOffice2007BlueRS25;dxSkinOffice2007BlackRS25;office2K;FireDACDBXDriver;dxSkinVS2010RS25;vclx;dxSkinFoggyRS25;dxSpreadSheetConditionalFormattingDialogsRS25;dxSkinSevenRS25;dxSkinSpringTimeRS25;dxTileControlRS25;dxMapControlRS25;dxPDFViewerRS25;dxDockingRS25;VCLRESTComponents;dxSkinsdxNavBarPainterRS25;cxPageControlRS25;dxSkinLilianRS25;dxPSLnksRS25;dxWizardControlRS25;dxRichEditControlRS25;vclie;bindengine;dxFireDACServerModeRS25;FireDACMySQLDriver;dxSkinOffice2013LightGrayRS25;dxSkinMetropolisRS25;DataSnapClient;dxSkinOffice2016DarkRS25;bindcompdbx;dxSkinBlueprintRS25;dxSkinStardustRS25;DBXSybaseASEDriver;IndyIPServer;dxPSdxLCLnkRS25;IndySystem;dxSkinOffice2007GreenRS25;dsnapcon;dxLayoutControlRS25;dxPSRichEditControlLnkRS25;FireDACMSAccDriver;fmxFireDAC;FireDACInfxDriver;vclimg;dxdbtrRS25;dxPScxTLLnkRS25;emshosting;dxSpreadSheetRS25;dxSkinVisualStudio2013LightRS25;DBXOdbcDriver;FireDACTDataDriver;FMXTee;cxGridRS25;dxSkinTheAsphaltWorldRS25;DbxCommonDriver;dxPScxSchedulerLnkRS25;dxorgcRS25;dxSkinHighContrastRS25;xmlrtl;DataSnapNativeClient;fmxobj;dxPScxGridLnkRS25;rtl;DbxClientDriver;DBXSybaseASADriver;dxPSCoreRS25;dxmdsRS25;dxSkinOffice2016ColorfulRS25;appanalytics;IndyIPClient;bindcompvcl;dxSkinscxPCPainterRS25;dxThemeRS25;TeeUI;VclSmp;FireDACODBCDriver;DataSnapIndy10ServerTransport;DataSnapProviderClient;FireDACMongoDBDriver;cxVerticalGridRS25;dxtrmdRS25;dxADOServerModeRS25;dxSkinPumpkinRS25;DataSnapServerMidas;dxCoreRS25;cxSchedulerTreeBrowserRS25;dxSkinValentineRS25;DBXInterBaseDriver;dxPSTeeChartRS25;DataSnapFireDAC;dxSkinOffice2010BlueRS25;dxSkinMoneyTwinsRS25;dxSkinSilverRS25;DBXMSSQLDriver;dxPSdxFCLnkRS25;DatasnapConnectorsFreePascal;dxSkinOffice2013WhiteRS25;bindcompfmx;DBXOracleDriver;inetdb;dxOfficeCoreRS25;FmxTeeUI;emsedge;fmx;fmxdae;dxTabbedMDIRS25;dxBarDBNavRS25;dxSkinBlueRS25;dxPScxPivotGridLnkRS25;dxSkinDevExpressDarkStyleRS25;dbexpress;IndyCore;dxFlowChartRS25;dxSkinsdxDLPainterRS25;dsnap;DataSnapCommon;dxBarRS25;dxPSDBTeeChartRS25;dxSkinLiquidSkyRS25;dxdborRS25;DataSnapConnectors;dxPScxExtCommonRS25;cxPivotGridRS25;dxPSdxSpreadSheetLnkRS25;dxNavBarRS25;cxSchedulerRibbonStyleEventEditorRS25;dxSkinCoffeeRS25;FireDACOracleDriver;DBXMySQLDriver;DBXFirebirdDriver;FireDACCommonODBC;dxSkinOffice2010SilverRS25;cxTreeListRS25;dxSkinsdxBarPainterRS25;IndyIPCommon;dxSkinLondonLiquidSkyRS25;vcl;dxPScxVGridLnkRS25;dxBarExtItemsRS25;dxSkinsCoreRS25;dxComnRS25;FireDACDb2Driver;dxSkinWhiteprintRS25;dxPSdxDBTVLnkRS25;dxSkinVisualStudio2013BlueRS25;dxSkinGlassOceansRS25;dxSkinMetropolisDarkRS25;dxSkinOffice2013DarkGrayRS25;dxSkinSharpPlusRS25;TeeDB;dxSkinCaramelRS25;dxServerModeRS25;dxPScxPCProdRS25;FireDACPgDriver;ibmonitor;FireDACASADriver;cxEditorsRS25;dxSkiniMaginaryRS25;ibxpress;Tee;DataSnapServer;ibxbindings;dxPsPrVwAdvRS25;vclwinx;FireDACDSDriver;dxSkinSevenClassicRS25;cxDataRS25;cxTreeListdxBarPopupMenuRS25;CustomIPTransport;vcldsnap;dxPSdxOCLnkRS25;dxSkinSharpRS25;bindcomp;DBXInformixDriver;cxPivotGridChartRS25;cxSchedulerRS25;dxBarExtDBItemsRS25;dxSkinOffice2010BlackRS25;dxSkinVisualStudio2013DarkRS25;dxDBXServerModeRS25;dxSkinDevExpressStyleRS25;dxGDIPlusRS25;dxPSdxGaugeControlLnkRS25;dxSkinsdxRibbonPainterRS25;dbxcds;adortl;dxPSdxDBOCLnkRS25;dxRibbonRS25;dsnapxml;dxSpellCheckerRS25;dbrtl;inetdbxpress;IndyProtocols;dxSkinSummer2008RS25;dxPSdxMapControlLnkRS25;dxSkinXmas2008BlueRS25;fmxase;$(DCC_UsePackage)</DCC_UsePackage>
    </PropertyGroup>
    <PropertyGroup Condition="'$(Cfg_1)'!=''">
        <DCC_Define>DEBUG;$(DCC_Define)</DCC_Define>
        <DCC_DebugDCUs>true</DCC_DebugDCUs>
        <DCC_Optimize>false</DCC_Optimize>
        <DCC_GenerateStackFrames>true</DCC_GenerateStackFrames>
        <DCC_DebugInfoInExe>true</DCC_DebugInfoInExe>
        <DCC_RemoteDebug>true</DCC_RemoteDebug>
    </PropertyGroup>
    <PropertyGroup Condition="'$(Cfg_1_Win32)'!=''">
        <DCC_RemoteDebug>false</DCC_RemoteDebug>
        <AppEnableRuntimeThemes>true</AppEnableRuntimeThemes>
        <AppEnableHighDPI>true</AppEnableHighDPI>
        <VerInfo_IncludeVerInfo>true</VerInfo_IncludeVerInfo>
        <VerInfo_Locale>1033</VerInfo_Locale>
        <DCC_ExeOutput>C:\SMCPLUS</DCC_ExeOutput>
    </PropertyGroup>
    <PropertyGroup Condition="'$(Cfg_2)'!=''">
        <DCC_LocalDebugSymbols>false</DCC_LocalDebugSymbols>
        <DCC_Define>RELEASE;$(DCC_Define)</DCC_Define>
        <DCC_SymbolReferenceInfo>0</DCC_SymbolReferenceInfo>
        <DCC_DebugInformation>0</DCC_DebugInformation>
    </PropertyGroup>
    <PropertyGroup Condition="'$(Cfg_2_Win32)'!=''">
        <AppEnableRuntimeThemes>true</AppEnableRuntimeThemes>
        <AppEnableHighDPI>true</AppEnableHighDPI>
    </PropertyGroup>
    <ItemGroup>
        <DelphiCompile Include="$(MainSource)">
            <MainSource>MainSource</MainSource>
        </DelphiCompile>
        <DCCReference Include="..\..\src\main_smc.pas">
            <Form>Frm_main</Form>
            <FormType>dfm</FormType>
        </DCCReference>
        <DCCReference Include="..\..\src\views\Login\vw_Login.pas">
            <Form>frm_Login</Form>
            <FormType>dfm</FormType>
        </DCCReference>
        <DCCReference Include="SMC_PLUS.pas">
            <Form>main</Form>
            <FormType>dfm</FormType>
        </DCCReference>
        <DCCReference Include="..\..\src\views\Login\cad_usuario\alterar_senha.pas">
            <Form>frm_alterar_senha</Form>
            <FormType>dfm</FormType>
        </DCCReference>
        <DCCReference Include="..\..\src\views\Login\cad_usuario\cad_usuario.pas">
            <Form>frm_cad_usuario</Form>
            <FormType>dfm</FormType>
        </DCCReference>
        <DCCReference Include="..\..\src\views\Login\cad_usuario\senha_adm.pas">
            <Form>frm_senha_adm</Form>
            <FormType>dfm</FormType>
        </DCCReference>
        <DCCReference Include="..\..\src\views\Login\cad_usuario\senha_adm_permisoes.pas">
            <Form>frm_adm_libera</Form>
            <FormType>dfm</FormType>
        </DCCReference>
        <DCCReference Include="..\..\src\Classes\Classe_Acesso.pas"/>
        <DCCReference Include="..\..\src\DataModules\Dados.pas">
            <Form>DM</Form>
            <FormType>dfm</FormType>
            <DesignClass>TDataModule</DesignClass>
        </DCCReference>
        <DCCReference Include="..\..\src\Funcoes\Funcoes.pas"/>
        <DCCReference Include="..\..\src\Classes\Classe_Usuario.pas"/>
        <DCCReference Include="..\..\src\Classes\Classe_VerificacaoInicial.pas"/>
        <DCCReference Include="..\..\src\TiposDeDados\TiposDeDados.pas"/>
        <DCCReference Include="..\..\src\EnviarEmail\Email.pas">
            <Form>frmEmail</Form>
            <FormType>dfm</FormType>
        </DCCReference>
        <DCCReference Include="..\..\src\Classes\Classe_Empresa.pas"/>
        <DCCReference Include="..\..\src\views\cad_bairro\cad_bairro.pas">
            <Form>frm_cad_bairro</Form>
            <FormType>dfm</FormType>
        </DCCReference>
        <DCCReference Include="..\..\src\views\cad_clientes\cad_cliente.pas">
            <Form>frm_cadastro_cliente</Form>
            <FormType>dfm</FormType>
        </DCCReference>
        <DCCReference Include="..\..\src\views\cad_colaborador\cad_comissoes.pas">
            <Form>fmr_comissao_colab</Form>
            <FormType>dfm</FormType>
        </DCCReference>
        <DCCReference Include="..\..\src\views\cad_colaborador\cadastro_colaborador.pas">
            <Form>frm_colaborador</Form>
            <FormType>dfm</FormType>
        </DCCReference>
        <DCCReference Include="..\..\src\views\cad_colaborador\tipo_colab.pas">
            <Form>Frm_tipo_colab</Form>
            <FormType>dfm</FormType>
        </DCCReference>
        <DCCReference Include="..\..\src\views\cad_consultor\cad_consultor.pas">
            <Form>Frm_consultor</Form>
            <FormType>dfm</FormType>
        </DCCReference>
        <DCCReference Include="..\..\src\views\cad_consultor\consultor_banco_comissoes.pas">
            <Form>frm_consultor_comissoes_banco</Form>
            <FormType>dfm</FormType>
        </DCCReference>
        <DCCReference Include="..\..\src\views\cad_motorista\cad_motorista.pas">
            <Form>Frm_motorista</Form>
            <FormType>dfm</FormType>
        </DCCReference>
        <DCCReference Include="..\..\src\views\cad_ramo_atividade\cad_ramo_atividade.pas">
            <Form>FRM_cad_ramo_atividade</Form>
            <FormType>dfm</FormType>
        </DCCReference>
        <DCCReference Include="..\..\src\views\cad_regiao\cad_regiao.pas">
            <Form>Frm_regiao</Form>
            <FormType>dfm</FormType>
        </DCCReference>
        <DCCReference Include="..\..\src\views\cad_transportadora\cad_transportadora.pas">
            <Form>Frm_transportadora</Form>
            <FormType>dfm</FormType>
        </DCCReference>
        <DCCReference Include="..\..\src\views\cad_zona\cad_zona.pas">
            <Form>FRM_cad_zona</Form>
            <FormType>dfm</FormType>
        </DCCReference>
        <DCCReference Include="..\..\src\views\cadastro_fornecedor\cadastro_fornecedor.pas">
            <Form>Frm_fornecedor</Form>
            <FormType>dfm</FormType>
        </DCCReference>
        <DCCReference Include="..\..\src\views\configs\config_certificado.pas">
            <Form>frm_config_certificado</Form>
            <FormType>dfm</FormType>
        </DCCReference>
        <DCCReference Include="..\..\src\views\configs\config_email.pas">
            <Form>frm_config_email</Form>
            <FormType>dfm</FormType>
        </DCCReference>
        <DCCReference Include="..\..\src\views\configs\config_mde.pas">
            <Form>Frm_Conf_mde</Form>
            <FormType>dfm</FormType>
        </DCCReference>
        <DCCReference Include="..\..\src\views\configs\config_mdfe.pas">
            <Form>Frm_config_MDFe</Form>
            <FormType>dfm</FormType>
        </DCCReference>
        <DCCReference Include="..\..\src\views\configs\config_nfce.pas">
            <Form>Frm_Conf_Nfce</Form>
            <FormType>dfm</FormType>
        </DCCReference>
        <DCCReference Include="..\..\src\views\configs\config_nfe.pas">
            <Form>Frmconfig_NFe</Form>
            <FormType>dfm</FormType>
        </DCCReference>
        <DCCReference Include="..\..\src\views\configs\config_nfs.pas">
            <Form>frm_confi_nfs</Form>
            <FormType>dfm</FormType>
        </DCCReference>
        <DCCReference Include="..\..\src\views\configs\email_arquivos_fiscais.pas">
            <Form>frm_config_email_fiscais</Form>
            <FormType>dfm</FormType>
        </DCCReference>
        <DCCReference Include="..\..\src\views\configs\integracao_outros_bancos.pas">
            <Form>frm_intagracao_outras_base_dados</Form>
            <FormType>dfm</FormType>
        </DCCReference>
        <DCCReference Include="..\..\src\views\configs\MenuConfiguracaoNfeNFce.pas">
            <Form>frmMenuConfiguracaoNfeNFce</Form>
            <FormType>dfm</FormType>
        </DCCReference>
        <DCCReference Include="..\..\src\views\configs\reg_tributario.pas">
            <Form>frm_reg_tributaria</Form>
            <FormType>dfm</FormType>
        </DCCReference>
        <DCCReference Include="..\..\src\views\Consulta_Cadastros\consulta.pas">
            <Form>frm_consulta</Form>
            <FormType>dfm</FormType>
        </DCCReference>
        <DCCReference Include="..\..\src\Controles\ControleDeAcessos\ControleDeAcessos.pas"/>
        <DCCReference Include="..\..\src\Controles\ControleDeAcessos\LiberaAcesso.pas">
            <Form>frmLiberaAcesso</Form>
            <FormType>dfm</FormType>
        </DCCReference>
        <DCCReference Include="..\..\src\views\cad_empresa\cad_empresa.pas">
            <Form>frm_cad_empresa</Form>
            <FormType>dfm</FormType>
        </DCCReference>
        <DCCReference Include="..\..\src\views\consultar_municipio\U_Municipio.pas">
            <Form>Frm_Municipio</Form>
            <FormType>dfm</FormType>
        </DCCReference>
        <DCCReference Include="..\..\src\views\Acesso_Remoto\vw_acesso_remoto.pas">
            <Form>frm_acesso_remoto</Form>
            <FormType>dfm</FormType>
        </DCCReference>
        <DCCReference Include="..\..\src\Classes\Classe_TributacaoPIS.pas"/>
        <DCCReference Include="..\..\src\Classes\Classe_EmpresaTributacao.pas"/>
        <None Include="ModelSupport_SMC_PLUS_\default.txaPackage"/>
        <None Include="ModelSupport_SMC_PLUS_\default.txvpck"/>
        <None Include="ModelSupport_SMC_PLUS_\vw_Login\default.txvpck"/>
        <None Include="ModelSupport_SMC_PLUS_\SMC_PLUS_\default.txvpck"/>
        <None Include="ModelSupport_SMC_PLUS_\vw_Login\Class Diagram1.txvcls"/>
        <None Include="ModelSupport_SMC_PLUS_\vw_Login\default.txaPackage"/>
        <None Include="ModelSupport_SMC_PLUS_\Classe_Acesso\default.txvpck"/>
        <None Include="ModelSupport_SMC_PLUS_\Classe_Acesso\default.txaPackage"/>
        <None Include="ModelSupport_SMC_PLUS_\config_mdfe\default.txvpck"/>
        <None Include="ModelSupport_SMC_PLUS_\alterar_senha\default.txvpck"/>
        <None Include="ModelSupport_SMC_PLUS_\senha_adm\default.txvpck"/>
        <None Include="ModelSupport_SMC_PLUS_\config_mde\default.txvpck"/>
        <None Include="ModelSupport_SMC_PLUS_\cad_empresa\default.txvpck"/>
        <None Include="ModelSupport_SMC_PLUS_\config_certificado\default.txvpck"/>
        <None Include="ModelSupport_SMC_PLUS_\main_smc\default.txvpck"/>
        <None Include="ModelSupport_SMC_PLUS_\SMC_PLUS\default.txvpck"/>
        <None Include="ModelSupport_SMC_PLUS_\cad_usuario\default.txvpck"/>
        <None Include="ModelSupport_SMC_PLUS_\config_nfs\default.txvpck"/>
        <None Include="ModelSupport_SMC_PLUS_\config_nfce\default.txvpck"/>
        <None Include="ModelSupport_SMC_PLUS_\email_arquivos_fiscais\default.txvpck"/>
        <None Include="ModelSupport_SMC_PLUS_\integracao_outros_bancos\default.txvpck"/>
        <None Include="ModelSupport_SMC_PLUS_\MenuConfiguracaoNfeNFce\default.txvpck"/>
        <None Include="ModelSupport_SMC_PLUS_\config_email\default.txvpck"/>
        <None Include="ModelSupport_SMC_PLUS_\config_nfe\default.txvpck"/>
        <None Include="ModelSupport_SMC_PLUS_\reg_tributario\default.txvpck"/>
        <None Include="ModelSupport_SMC_PLUS_\senha_adm_permisoes\default.txvpck"/>
        <None Include="ModelSupport_SMC_PLUS_\cad_empresa\default.txaPackage"/>
        <None Include="ModelSupport_SMC_PLUS_\config_mde\default.txaPackage"/>
        <None Include="ModelSupport_SMC_PLUS_\config_mdfe\default.txaPackage"/>
        <None Include="ModelSupport_SMC_PLUS_\senha_adm\default.txaPackage"/>
        <None Include="ModelSupport_SMC_PLUS_\SMC_PLUS_\default.txaPackage"/>
        <None Include="ModelSupport_SMC_PLUS_\MenuConfiguracaoNfeNFce\default.txaPackage"/>
        <None Include="ModelSupport_SMC_PLUS_\SMC_PLUS\default.txaPackage"/>
        <None Include="ModelSupport_SMC_PLUS_\config_certificado\default.txaPackage"/>
        <None Include="ModelSupport_SMC_PLUS_\config_nfe\default.txaPackage"/>
        <None Include="ModelSupport_SMC_PLUS_\main_smc\default.txaPackage"/>
        <None Include="ModelSupport_SMC_PLUS_\cad_usuario\default.txaPackage"/>
        <None Include="ModelSupport_SMC_PLUS_\integracao_outros_bancos\default.txaPackage"/>
        <None Include="ModelSupport_SMC_PLUS_\email_arquivos_fiscais\default.txaPackage"/>
        <None Include="ModelSupport_SMC_PLUS_\reg_tributario\default.txaPackage"/>
        <None Include="ModelSupport_SMC_PLUS_\senha_adm_permisoes\default.txaPackage"/>
        <None Include="ModelSupport_SMC_PLUS_\alterar_senha\default.txaPackage"/>
        <None Include="ModelSupport_SMC_PLUS_\config_nfce\default.txaPackage"/>
        <None Include="ModelSupport_SMC_PLUS_\config_email\default.txaPackage"/>
        <None Include="ModelSupport_SMC_PLUS_\config_nfs\default.txaPackage"/>
        <BuildConfiguration Include="Release">
            <Key>Cfg_2</Key>
            <CfgParent>Base</CfgParent>
        </BuildConfiguration>
        <BuildConfiguration Include="Base">
            <Key>Base</Key>
        </BuildConfiguration>
        <BuildConfiguration Include="Debug">
            <Key>Cfg_1</Key>
            <CfgParent>Base</CfgParent>
        </BuildConfiguration>
    </ItemGroup>
    <ProjectExtensions>
        <Borland.Personality>Delphi.Personality.12</Borland.Personality>
        <Borland.ProjectType>Application</Borland.ProjectType>
        <BorlandProject>
            <Delphi.Personality>
                <Source>
                    <Source Name="MainSource">SMC_PLUS_.dpr</Source>
                </Source>
                <Excluded_Packages>
                    <Excluded_Packages Name="$(BDSBIN)\dcloffice2k250.bpl">Microsoft Office 2000 Sample Automation Server Wrapper Components</Excluded_Packages>
                    <Excluded_Packages Name="$(BDSBIN)\dclofficexp250.bpl">Microsoft Office XP Sample Automation Server Wrapper Components</Excluded_Packages>
                </Excluded_Packages>
            </Delphi.Personality>
            <Deployment Version="3">
                <DeployFile LocalName="ModelSupport_SMC_PLUS_\default.txaPackage" Configuration="Debug" Class="ProjectFile">
                    <Platform Name="Win32">
                        <RemoteDir>.\</RemoteDir>
                        <Overwrite>true</Overwrite>
                    </Platform>
                </DeployFile>
                <DeployFile LocalName="ModelSupport_SMC_PLUS_\main_smc\default.txvpck" Configuration="Debug" Class="ProjectFile">
                    <Platform Name="Win32">
                        <RemoteDir>.\</RemoteDir>
                        <Overwrite>true</Overwrite>
                    </Platform>
                </DeployFile>
                <DeployFile LocalName="ModelSupport_SMC_PLUS_\MenuConfiguracaoNfeNFce\default.txaPackage" Configuration="Debug" Class="ProjectFile">
                    <Platform Name="Win32">
                        <RemoteDir>.\</RemoteDir>
                        <Overwrite>true</Overwrite>
                    </Platform>
                </DeployFile>
                <DeployFile LocalName="ModelSupport_SMC_PLUS_\cad_usuario\default.txaPackage" Configuration="Debug" Class="ProjectFile">
                    <Platform Name="Win32">
                        <RemoteDir>.\</RemoteDir>
                        <Overwrite>true</Overwrite>
                    </Platform>
                </DeployFile>
                <DeployFile LocalName="ModelSupport_SMC_PLUS_\cad_usuario\default.txvpck" Configuration="Debug" Class="ProjectFile">
                    <Platform Name="Win32">
                        <RemoteDir>.\</RemoteDir>
                        <Overwrite>true</Overwrite>
                    </Platform>
                </DeployFile>
                <DeployFile LocalName="ModelSupport_SMC_PLUS_\integracao_outros_bancos\default.txaPackage" Configuration="Debug" Class="ProjectFile">
                    <Platform Name="Win32">
                        <RemoteDir>.\</RemoteDir>
                        <Overwrite>true</Overwrite>
                    </Platform>
                </DeployFile>
                <DeployFile LocalName="ModelSupport_SMC_PLUS_\vw_Login\Class Diagram1.txvcls" Configuration="Debug" Class="ProjectFile">
                    <Platform Name="Win32">
                        <RemoteDir>.\</RemoteDir>
                        <Overwrite>true</Overwrite>
                    </Platform>
                </DeployFile>
                <DeployFile LocalName="ModelSupport_SMC_PLUS_\email_arquivos_fiscais\default.txvpck" Configuration="Debug" Class="ProjectFile">
                    <Platform Name="Win32">
                        <RemoteDir>.\</RemoteDir>
                        <Overwrite>true</Overwrite>
                    </Platform>
                </DeployFile>
                <DeployFile LocalName="ModelSupport_SMC_PLUS_\Classe_Acesso\default.txvpck" Configuration="Debug" Class="ProjectFile">
                    <Platform Name="Win32">
                        <RemoteDir>.\</RemoteDir>
                        <Overwrite>true</Overwrite>
                    </Platform>
                </DeployFile>
                <DeployFile LocalName="ModelSupport_SMC_PLUS_\config_nfs\default.txvpck" Configuration="Debug" Class="ProjectFile">
                    <Platform Name="Win32">
                        <RemoteDir>.\</RemoteDir>
                        <Overwrite>true</Overwrite>
                    </Platform>
                </DeployFile>
                <DeployFile LocalName="ModelSupport_SMC_PLUS_\cad_empresa\default.txaPackage" Configuration="Debug" Class="ProjectFile">
                    <Platform Name="Win32">
                        <RemoteDir>.\</RemoteDir>
                        <Overwrite>true</Overwrite>
                    </Platform>
                </DeployFile>
                <DeployFile LocalName="ModelSupport_SMC_PLUS_\main_smc\default.txaPackage" Configuration="Debug" Class="ProjectFile">
                    <Platform Name="Win32">
                        <RemoteDir>.\</RemoteDir>
                        <Overwrite>true</Overwrite>
                    </Platform>
                </DeployFile>
                <DeployFile LocalName="ModelSupport_SMC_PLUS_\senha_adm_permisoes\default.txvpck" Configuration="Debug" Class="ProjectFile">
                    <Platform Name="Win32">
                        <RemoteDir>.\</RemoteDir>
                        <Overwrite>true</Overwrite>
                    </Platform>
                </DeployFile>
                <DeployFile LocalName="ModelSupport_SMC_PLUS_\SMC_PLUS\default.txaPackage" Configuration="Debug" Class="ProjectFile">
                    <Platform Name="Win32">
                        <RemoteDir>.\</RemoteDir>
                        <Overwrite>true</Overwrite>
                    </Platform>
                </DeployFile>
                <DeployFile LocalName="ModelSupport_SMC_PLUS_\vw_Login\default.txvpck" Configuration="Debug" Class="ProjectFile">
                    <Platform Name="Win32">
                        <RemoteDir>.\</RemoteDir>
                        <Overwrite>true</Overwrite>
                    </Platform>
                </DeployFile>
                <DeployFile LocalName="ModelSupport_SMC_PLUS_\config_email\default.txaPackage" Configuration="Debug" Class="ProjectFile">
                    <Platform Name="Win32">
                        <RemoteDir>.\</RemoteDir>
                        <Overwrite>true</Overwrite>
                    </Platform>
                </DeployFile>
                <DeployFile LocalName="ModelSupport_SMC_PLUS_\alterar_senha\default.txaPackage" Configuration="Debug" Class="ProjectFile">
                    <Platform Name="Win32">
                        <RemoteDir>.\</RemoteDir>
                        <Overwrite>true</Overwrite>
                    </Platform>
                </DeployFile>
                <DeployFile LocalName="ModelSupport_SMC_PLUS_\SMC_PLUS_\default.txaPackage" Configuration="Debug" Class="ProjectFile">
                    <Platform Name="Win32">
                        <RemoteDir>.\</RemoteDir>
                        <Overwrite>true</Overwrite>
                    </Platform>
                </DeployFile>
                <DeployFile LocalName="ModelSupport_SMC_PLUS_\config_nfs\default.txaPackage" Configuration="Debug" Class="ProjectFile">
                    <Platform Name="Win32">
                        <RemoteDir>.\</RemoteDir>
                        <Overwrite>true</Overwrite>
                    </Platform>
                </DeployFile>
                <DeployFile LocalName="ModelSupport_SMC_PLUS_\senha_adm\default.txvpck" Configuration="Debug" Class="ProjectFile">
                    <Platform Name="Win32">
                        <RemoteDir>.\</RemoteDir>
                        <Overwrite>true</Overwrite>
                    </Platform>
                </DeployFile>
                <DeployFile LocalName="ModelSupport_SMC_PLUS_\config_email\default.txvpck" Configuration="Debug" Class="ProjectFile">
                    <Platform Name="Win32">
                        <RemoteDir>.\</RemoteDir>
                        <Overwrite>true</Overwrite>
                    </Platform>
                </DeployFile>
                <DeployFile LocalName="ModelSupport_SMC_PLUS_\config_certificado\default.txvpck" Configuration="Debug" Class="ProjectFile">
                    <Platform Name="Win32">
                        <RemoteDir>.\</RemoteDir>
                        <Overwrite>true</Overwrite>
                    </Platform>
                </DeployFile>
                <DeployFile LocalName="ModelSupport_SMC_PLUS_\default.txvpck" Configuration="Debug" Class="ProjectFile">
                    <Platform Name="Win32">
                        <RemoteDir>.\</RemoteDir>
                        <Overwrite>true</Overwrite>
                    </Platform>
                </DeployFile>
                <DeployFile LocalName="ModelSupport_SMC_PLUS_\config_certificado\default.txaPackage" Configuration="Debug" Class="ProjectFile">
                    <Platform Name="Win32">
                        <RemoteDir>.\</RemoteDir>
                        <Overwrite>true</Overwrite>
                    </Platform>
                </DeployFile>
                <DeployFile LocalName="ModelSupport_SMC_PLUS_\config_mde\default.txvpck" Configuration="Debug" Class="ProjectFile">
                    <Platform Name="Win32">
                        <RemoteDir>.\</RemoteDir>
                        <Overwrite>true</Overwrite>
                    </Platform>
                </DeployFile>
                <DeployFile LocalName="ModelSupport_SMC_PLUS_\config_nfe\default.txvpck" Configuration="Debug" Class="ProjectFile">
                    <Platform Name="Win32">
                        <RemoteDir>.\</RemoteDir>
                        <Overwrite>true</Overwrite>
                    </Platform>
                </DeployFile>
                <DeployFile LocalName="ModelSupport_SMC_PLUS_\config_mdfe\default.txaPackage" Configuration="Debug" Class="ProjectFile">
                    <Platform Name="Win32">
                        <RemoteDir>.\</RemoteDir>
                        <Overwrite>true</Overwrite>
                    </Platform>
                </DeployFile>
                <DeployFile LocalName="ModelSupport_SMC_PLUS_\Classe_Acesso\default.txaPackage" Configuration="Debug" Class="ProjectFile">
                    <Platform Name="Win32">
                        <RemoteDir>.\</RemoteDir>
                        <Overwrite>true</Overwrite>
                    </Platform>
                </DeployFile>
                <DeployFile LocalName="ModelSupport_SMC_PLUS_\config_mde\default.txaPackage" Configuration="Debug" Class="ProjectFile">
                    <Platform Name="Win32">
                        <RemoteDir>.\</RemoteDir>
                        <Overwrite>true</Overwrite>
                    </Platform>
                </DeployFile>
                <DeployFile LocalName="ModelSupport_SMC_PLUS_\senha_adm_permisoes\default.txaPackage" Configuration="Debug" Class="ProjectFile">
                    <Platform Name="Win32">
                        <RemoteDir>.\</RemoteDir>
                        <Overwrite>true</Overwrite>
                    </Platform>
                </DeployFile>
                <DeployFile LocalName="ModelSupport_SMC_PLUS_\reg_tributario\default.txaPackage" Configuration="Debug" Class="ProjectFile">
                    <Platform Name="Win32">
                        <RemoteDir>.\</RemoteDir>
                        <Overwrite>true</Overwrite>
                    </Platform>
                </DeployFile>
                <DeployFile LocalName="ModelSupport_SMC_PLUS_\config_mdfe\default.txvpck" Configuration="Debug" Class="ProjectFile">
                    <Platform Name="Win32">
                        <RemoteDir>.\</RemoteDir>
                        <Overwrite>true</Overwrite>
                    </Platform>
                </DeployFile>
                <DeployFile LocalName="ModelSupport_SMC_PLUS_\email_arquivos_fiscais\default.txaPackage" Configuration="Debug" Class="ProjectFile">
                    <Platform Name="Win32">
                        <RemoteDir>.\</RemoteDir>
                        <Overwrite>true</Overwrite>
                    </Platform>
                </DeployFile>
                <DeployFile LocalName="ModelSupport_SMC_PLUS_\config_nfe\default.txaPackage" Configuration="Debug" Class="ProjectFile">
                    <Platform Name="Win32">
                        <RemoteDir>.\</RemoteDir>
                        <Overwrite>true</Overwrite>
                    </Platform>
                </DeployFile>
                <DeployFile LocalName="ModelSupport_SMC_PLUS_\MenuConfiguracaoNfeNFce\default.txvpck" Configuration="Debug" Class="ProjectFile">
                    <Platform Name="Win32">
                        <RemoteDir>.\</RemoteDir>
                        <Overwrite>true</Overwrite>
                    </Platform>
                </DeployFile>
                <DeployFile LocalName="C:\SMCPLUS\SMC_PLUS_.exe" Configuration="Debug" Class="ProjectOutput">
                    <Platform Name="Win32">
                        <RemoteName>SMC_PLUS_.exe</RemoteName>
                        <Overwrite>true</Overwrite>
                    </Platform>
                </DeployFile>
                <DeployFile LocalName="ModelSupport_SMC_PLUS_\vw_Login\default.txaPackage" Configuration="Debug" Class="ProjectFile">
                    <Platform Name="Win32">
                        <RemoteDir>.\</RemoteDir>
                        <Overwrite>true</Overwrite>
                    </Platform>
                </DeployFile>
                <DeployFile LocalName="ModelSupport_SMC_PLUS_\alterar_senha\default.txvpck" Configuration="Debug" Class="ProjectFile">
                    <Platform Name="Win32">
                        <RemoteDir>.\</RemoteDir>
                        <Overwrite>true</Overwrite>
                    </Platform>
                </DeployFile>
                <DeployFile LocalName="ModelSupport_SMC_PLUS_\senha_adm\default.txaPackage" Configuration="Debug" Class="ProjectFile">
                    <Platform Name="Win32">
                        <RemoteDir>.\</RemoteDir>
                        <Overwrite>true</Overwrite>
                    </Platform>
                </DeployFile>
                <DeployFile LocalName="ModelSupport_SMC_PLUS_\integracao_outros_bancos\default.txvpck" Configuration="Debug" Class="ProjectFile">
                    <Platform Name="Win32">
                        <RemoteDir>.\</RemoteDir>
                        <Overwrite>true</Overwrite>
                    </Platform>
                </DeployFile>
                <DeployFile LocalName="ModelSupport_SMC_PLUS_\SMC_PLUS_\default.txvpck" Configuration="Debug" Class="ProjectFile">
                    <Platform Name="Win32">
                        <RemoteDir>.\</RemoteDir>
                        <Overwrite>true</Overwrite>
                    </Platform>
                </DeployFile>
                <DeployFile LocalName="ModelSupport_SMC_PLUS_\cad_empresa\default.txvpck" Configuration="Debug" Class="ProjectFile">
                    <Platform Name="Win32">
                        <RemoteDir>.\</RemoteDir>
                        <Overwrite>true</Overwrite>
                    </Platform>
                </DeployFile>
                <DeployFile LocalName="ModelSupport_SMC_PLUS_\config_nfce\default.txvpck" Configuration="Debug" Class="ProjectFile">
                    <Platform Name="Win32">
                        <RemoteDir>.\</RemoteDir>
                        <Overwrite>true</Overwrite>
                    </Platform>
                </DeployFile>
                <DeployFile LocalName="ModelSupport_SMC_PLUS_\SMC_PLUS\default.txvpck" Configuration="Debug" Class="ProjectFile">
                    <Platform Name="Win32">
                        <RemoteDir>.\</RemoteDir>
                        <Overwrite>true</Overwrite>
                    </Platform>
                </DeployFile>
                <DeployFile LocalName="ModelSupport_SMC_PLUS_\reg_tributario\default.txvpck" Configuration="Debug" Class="ProjectFile">
                    <Platform Name="Win32">
                        <RemoteDir>.\</RemoteDir>
                        <Overwrite>true</Overwrite>
                    </Platform>
                </DeployFile>
                <DeployFile LocalName="ModelSupport_SMC_PLUS_\config_nfce\default.txaPackage" Configuration="Debug" Class="ProjectFile">
                    <Platform Name="Win32">
                        <RemoteDir>.\</RemoteDir>
                        <Overwrite>true</Overwrite>
                    </Platform>
                </DeployFile>
                <DeployClass Name="AdditionalDebugSymbols">
                    <Platform Name="iOSSimulator">
                        <Operation>1</Operation>
                    </Platform>
                    <Platform Name="OSX32">
                        <RemoteDir>Contents\MacOS</RemoteDir>
                        <Operation>1</Operation>
                    </Platform>
                    <Platform Name="Win32">
                        <RemoteDir>Contents\MacOS</RemoteDir>
                        <Operation>0</Operation>
                    </Platform>
                </DeployClass>
                <DeployClass Name="AndroidClassesDexFile">
                    <Platform Name="Android">
                        <RemoteDir>classes</RemoteDir>
                        <Operation>1</Operation>
                    </Platform>
                </DeployClass>
                <DeployClass Name="AndroidGDBServer">
                    <Platform Name="Android">
                        <RemoteDir>library\lib\armeabi-v7a</RemoteDir>
                        <Operation>1</Operation>
                    </Platform>
                </DeployClass>
                <DeployClass Name="AndroidLibnativeArmeabiFile">
                    <Platform Name="Android">
                        <RemoteDir>library\lib\armeabi</RemoteDir>
                        <Operation>1</Operation>
                    </Platform>
                </DeployClass>
                <DeployClass Name="AndroidLibnativeMipsFile">
                    <Platform Name="Android">
                        <RemoteDir>library\lib\mips</RemoteDir>
                        <Operation>1</Operation>
                    </Platform>
                </DeployClass>
                <DeployClass Name="AndroidServiceOutput">
                    <Platform Name="Android">
                        <RemoteDir>library\lib\armeabi-v7a</RemoteDir>
                        <Operation>1</Operation>
                    </Platform>
                </DeployClass>
                <DeployClass Name="AndroidSplashImageDef">
                    <Platform Name="Android">
                        <RemoteDir>res\drawable</RemoteDir>
                        <Operation>1</Operation>
                    </Platform>
                </DeployClass>
                <DeployClass Name="AndroidSplashStyles">
                    <Platform Name="Android">
                        <RemoteDir>res\values</RemoteDir>
                        <Operation>1</Operation>
                    </Platform>
                </DeployClass>
                <DeployClass Name="Android_DefaultAppIcon">
                    <Platform Name="Android">
                        <RemoteDir>res\drawable</RemoteDir>
                        <Operation>1</Operation>
                    </Platform>
                </DeployClass>
                <DeployClass Name="Android_LauncherIcon144">
                    <Platform Name="Android">
                        <RemoteDir>res\drawable-xxhdpi</RemoteDir>
                        <Operation>1</Operation>
                    </Platform>
                </DeployClass>
                <DeployClass Name="Android_LauncherIcon36">
                    <Platform Name="Android">
                        <RemoteDir>res\drawable-ldpi</RemoteDir>
                        <Operation>1</Operation>
                    </Platform>
                </DeployClass>
                <DeployClass Name="Android_LauncherIcon48">
                    <Platform Name="Android">
                        <RemoteDir>res\drawable-mdpi</RemoteDir>
                        <Operation>1</Operation>
                    </Platform>
                </DeployClass>
                <DeployClass Name="Android_LauncherIcon72">
                    <Platform Name="Android">
                        <RemoteDir>res\drawable-hdpi</RemoteDir>
                        <Operation>1</Operation>
                    </Platform>
                </DeployClass>
                <DeployClass Name="Android_LauncherIcon96">
                    <Platform Name="Android">
                        <RemoteDir>res\drawable-xhdpi</RemoteDir>
                        <Operation>1</Operation>
                    </Platform>
                </DeployClass>
                <DeployClass Name="Android_SplashImage426">
                    <Platform Name="Android">
                        <RemoteDir>res\drawable-small</RemoteDir>
                        <Operation>1</Operation>
                    </Platform>
                </DeployClass>
                <DeployClass Name="Android_SplashImage470">
                    <Platform Name="Android">
                        <RemoteDir>res\drawable-normal</RemoteDir>
                        <Operation>1</Operation>
                    </Platform>
                </DeployClass>
                <DeployClass Name="Android_SplashImage640">
                    <Platform Name="Android">
                        <RemoteDir>res\drawable-large</RemoteDir>
                        <Operation>1</Operation>
                    </Platform>
                </DeployClass>
                <DeployClass Name="Android_SplashImage960">
                    <Platform Name="Android">
                        <RemoteDir>res\drawable-xlarge</RemoteDir>
                        <Operation>1</Operation>
                    </Platform>
                </DeployClass>
                <DeployClass Name="DebugSymbols">
                    <Platform Name="iOSSimulator">
                        <Operation>1</Operation>
                    </Platform>
                    <Platform Name="OSX32">
                        <RemoteDir>Contents\MacOS</RemoteDir>
                        <Operation>1</Operation>
                    </Platform>
                    <Platform Name="Win32">
                        <Operation>0</Operation>
                    </Platform>
                </DeployClass>
                <DeployClass Name="DependencyFramework">
                    <Platform Name="OSX32">
                        <RemoteDir>Contents\MacOS</RemoteDir>
                        <Operation>1</Operation>
                        <Extensions>.framework</Extensions>
                    </Platform>
                    <Platform Name="Win32">
                        <Operation>0</Operation>
                    </Platform>
                </DeployClass>
                <DeployClass Name="DependencyModule">
                    <Platform Name="iOSDevice32">
                        <Operation>1</Operation>
                        <Extensions>.dylib</Extensions>
                    </Platform>
                    <Platform Name="iOSDevice64">
                        <Operation>1</Operation>
                        <Extensions>.dylib</Extensions>
                    </Platform>
                    <Platform Name="iOSSimulator">
                        <Operation>1</Operation>
                        <Extensions>.dylib</Extensions>
                    </Platform>
                    <Platform Name="OSX32">
                        <RemoteDir>Contents\MacOS</RemoteDir>
                        <Operation>1</Operation>
                        <Extensions>.dylib</Extensions>
                    </Platform>
                    <Platform Name="Win32">
                        <Operation>0</Operation>
                        <Extensions>.dll;.bpl</Extensions>
                    </Platform>
                </DeployClass>
                <DeployClass Required="true" Name="DependencyPackage">
                    <Platform Name="iOSDevice32">
                        <Operation>1</Operation>
                        <Extensions>.dylib</Extensions>
                    </Platform>
                    <Platform Name="iOSDevice64">
                        <Operation>1</Operation>
                        <Extensions>.dylib</Extensions>
                    </Platform>
                    <Platform Name="iOSSimulator">
                        <Operation>1</Operation>
                        <Extensions>.dylib</Extensions>
                    </Platform>
                    <Platform Name="OSX32">
                        <RemoteDir>Contents\MacOS</RemoteDir>
                        <Operation>1</Operation>
                        <Extensions>.dylib</Extensions>
                    </Platform>
                    <Platform Name="Win32">
                        <Operation>0</Operation>
                        <Extensions>.bpl</Extensions>
                    </Platform>
                </DeployClass>
                <DeployClass Name="File">
                    <Platform Name="Android">
                        <Operation>0</Operation>
                    </Platform>
                    <Platform Name="iOSDevice32">
                        <Operation>0</Operation>
                    </Platform>
                    <Platform Name="iOSDevice64">
                        <Operation>0</Operation>
                    </Platform>
                    <Platform Name="iOSSimulator">
                        <Operation>0</Operation>
                    </Platform>
                    <Platform Name="OSX32">
                        <RemoteDir>Contents\Resources\StartUp\</RemoteDir>
                        <Operation>0</Operation>
                    </Platform>
                    <Platform Name="Win32">
                        <Operation>0</Operation>
                    </Platform>
                </DeployClass>
                <DeployClass Name="iPad_Launch1024">
                    <Platform Name="iOSDevice32">
                        <Operation>1</Operation>
                    </Platform>
                    <Platform Name="iOSDevice64">
                        <Operation>1</Operation>
                    </Platform>
                    <Platform Name="iOSSimulator">
                        <Operation>1</Operation>
                    </Platform>
                </DeployClass>
                <DeployClass Name="iPad_Launch1536">
                    <Platform Name="iOSDevice32">
                        <Operation>1</Operation>
                    </Platform>
                    <Platform Name="iOSDevice64">
                        <Operation>1</Operation>
                    </Platform>
                    <Platform Name="iOSSimulator">
                        <Operation>1</Operation>
                    </Platform>
                </DeployClass>
                <DeployClass Name="iPad_Launch2048">
                    <Platform Name="iOSDevice32">
                        <Operation>1</Operation>
                    </Platform>
                    <Platform Name="iOSDevice64">
                        <Operation>1</Operation>
                    </Platform>
                    <Platform Name="iOSSimulator">
                        <Operation>1</Operation>
                    </Platform>
                </DeployClass>
                <DeployClass Name="iPad_Launch768">
                    <Platform Name="iOSDevice32">
                        <Operation>1</Operation>
                    </Platform>
                    <Platform Name="iOSDevice64">
                        <Operation>1</Operation>
                    </Platform>
                    <Platform Name="iOSSimulator">
                        <Operation>1</Operation>
                    </Platform>
                </DeployClass>
                <DeployClass Name="iPhone_Launch320">
                    <Platform Name="iOSDevice32">
                        <Operation>1</Operation>
                    </Platform>
                    <Platform Name="iOSDevice64">
                        <Operation>1</Operation>
                    </Platform>
                    <Platform Name="iOSSimulator">
                        <Operation>1</Operation>
                    </Platform>
                </DeployClass>
                <DeployClass Name="iPhone_Launch640">
                    <Platform Name="iOSDevice32">
                        <Operation>1</Operation>
                    </Platform>
                    <Platform Name="iOSDevice64">
                        <Operation>1</Operation>
                    </Platform>
                    <Platform Name="iOSSimulator">
                        <Operation>1</Operation>
                    </Platform>
                </DeployClass>
                <DeployClass Name="iPhone_Launch640x1136">
                    <Platform Name="iOSDevice32">
                        <Operation>1</Operation>
                    </Platform>
                    <Platform Name="iOSDevice64">
                        <Operation>1</Operation>
                    </Platform>
                    <Platform Name="iOSSimulator">
                        <Operation>1</Operation>
                    </Platform>
                </DeployClass>
                <DeployClass Name="ProjectAndroidManifest">
                    <Platform Name="Android">
                        <Operation>1</Operation>
                    </Platform>
                </DeployClass>
                <DeployClass Name="ProjectiOSDeviceDebug">
                    <Platform Name="iOSDevice32">
                        <RemoteDir>..\$(PROJECTNAME).app.dSYM\Contents\Resources\DWARF</RemoteDir>
                        <Operation>1</Operation>
                    </Platform>
                    <Platform Name="iOSDevice64">
                        <RemoteDir>..\$(PROJECTNAME).app.dSYM\Contents\Resources\DWARF</RemoteDir>
                        <Operation>1</Operation>
                    </Platform>
                </DeployClass>
                <DeployClass Name="ProjectiOSDeviceResourceRules">
                    <Platform Name="iOSDevice32">
                        <Operation>1</Operation>
                    </Platform>
                    <Platform Name="iOSDevice64">
                        <Operation>1</Operation>
                    </Platform>
                </DeployClass>
                <DeployClass Name="ProjectiOSEntitlements">
                    <Platform Name="iOSDevice32">
                        <RemoteDir>..\</RemoteDir>
                        <Operation>1</Operation>
                    </Platform>
                    <Platform Name="iOSDevice64">
                        <RemoteDir>..\</RemoteDir>
                        <Operation>1</Operation>
                    </Platform>
                </DeployClass>
                <DeployClass Name="ProjectiOSInfoPList">
                    <Platform Name="iOSDevice32">
                        <Operation>1</Operation>
                    </Platform>
                    <Platform Name="iOSDevice64">
                        <Operation>1</Operation>
                    </Platform>
                    <Platform Name="iOSSimulator">
                        <Operation>1</Operation>
                    </Platform>
                </DeployClass>
                <DeployClass Name="ProjectiOSResource">
                    <Platform Name="iOSDevice32">
                        <Operation>1</Operation>
                    </Platform>
                    <Platform Name="iOSDevice64">
                        <Operation>1</Operation>
                    </Platform>
                    <Platform Name="iOSSimulator">
                        <Operation>1</Operation>
                    </Platform>
                </DeployClass>
                <DeployClass Name="ProjectOSXEntitlements">
                    <Platform Name="OSX32">
                        <RemoteDir>..\</RemoteDir>
                        <Operation>1</Operation>
                    </Platform>
                </DeployClass>
                <DeployClass Name="ProjectOSXInfoPList">
                    <Platform Name="OSX32">
                        <RemoteDir>Contents</RemoteDir>
                        <Operation>1</Operation>
                    </Platform>
                </DeployClass>
                <DeployClass Name="ProjectOSXResource">
                    <Platform Name="OSX32">
                        <RemoteDir>Contents\Resources</RemoteDir>
                        <Operation>1</Operation>
                    </Platform>
                </DeployClass>
                <DeployClass Required="true" Name="ProjectOutput">
                    <Platform Name="Android">
                        <RemoteDir>library\lib\armeabi-v7a</RemoteDir>
                        <Operation>1</Operation>
                    </Platform>
                    <Platform Name="iOSDevice32">
                        <Operation>1</Operation>
                    </Platform>
                    <Platform Name="iOSDevice64">
                        <Operation>1</Operation>
                    </Platform>
                    <Platform Name="iOSSimulator">
                        <Operation>1</Operation>
                    </Platform>
                    <Platform Name="Linux64">
                        <Operation>1</Operation>
                    </Platform>
                    <Platform Name="OSX32">
                        <RemoteDir>Contents\MacOS</RemoteDir>
                        <Operation>1</Operation>
                    </Platform>
                    <Platform Name="Win32">
                        <Operation>0</Operation>
                    </Platform>
                </DeployClass>
                <DeployClass Name="ProjectUWPManifest">
                    <Platform Name="Win32">
                        <Operation>1</Operation>
                    </Platform>
                    <Platform Name="Win64">
                        <Operation>1</Operation>
                    </Platform>
                </DeployClass>
                <DeployClass Name="UWP_DelphiLogo150">
                    <Platform Name="Win32">
                        <RemoteDir>Assets</RemoteDir>
                        <Operation>1</Operation>
                    </Platform>
                    <Platform Name="Win64">
                        <RemoteDir>Assets</RemoteDir>
                        <Operation>1</Operation>
                    </Platform>
                </DeployClass>
                <DeployClass Name="UWP_DelphiLogo44">
                    <Platform Name="Win32">
                        <RemoteDir>Assets</RemoteDir>
                        <Operation>1</Operation>
                    </Platform>
                    <Platform Name="Win64">
                        <RemoteDir>Assets</RemoteDir>
                        <Operation>1</Operation>
                    </Platform>
                </DeployClass>
                <ProjectRoot Platform="iOSDevice64" Name="$(PROJECTNAME).app"/>
                <ProjectRoot Platform="Win64" Name="$(PROJECTNAME)"/>
                <ProjectRoot Platform="iOSDevice32" Name="$(PROJECTNAME).app"/>
                <ProjectRoot Platform="Linux64" Name="$(PROJECTNAME)"/>
                <ProjectRoot Platform="Win32" Name="$(PROJECTNAME)"/>
                <ProjectRoot Platform="OSX32" Name="$(PROJECTNAME).app"/>
                <ProjectRoot Platform="Android" Name="$(PROJECTNAME)"/>
                <ProjectRoot Platform="iOSSimulator" Name="$(PROJECTNAME).app"/>
            </Deployment>
            <Platforms>
                <Platform value="Win32">True</Platform>
                <Platform value="Win64">False</Platform>
            </Platforms>
            <ModelSupport>True</ModelSupport>
        </BorlandProject>
        <ProjectFileVersion>12</ProjectFileVersion>
    </ProjectExtensions>
    <Import Project="$(BDS)\Bin\CodeGear.Delphi.Targets" Condition="Exists('$(BDS)\Bin\CodeGear.Delphi.Targets')"/>
    <Import Project="$(APPDATA)\Embarcadero\$(BDSAPPDATABASEDIR)\$(PRODUCTVERSION)\UserTools.proj" Condition="Exists('$(APPDATA)\Embarcadero\$(BDSAPPDATABASEDIR)\$(PRODUCTVERSION)\UserTools.proj')"/>
    <Import Project="$(MSBuildProjectName).deployproj" Condition="Exists('$(MSBuildProjectName).deployproj')"/>
</Project>
